
Microsoft Visual Studio Solution File, Format Version 12.00
# Visual Studio Version 17
VisualStudioVersion = 17.4.33213.308
MinimumVisualStudioVersion = 10.0.40219.1
Project("{FAE04EC0-301F-11D3-BF4B-00C04F79EFBC}") = "ChaimnOfResponsibility", "ChaimnOfResponsibility\ChaimnOfResponsibility.csproj", "{5950D73B-E7E7-433F-8EE8-9ECDA46555F6}"
EndProject
Project("{FAE04EC0-301F-11D3-BF4B-00C04F79EFBC}") = "UnitTestCOR", "UnitTestCOR\UnitTestCOR.csproj", "{7A363C06-C2F4-4938-970C-26022A55759C}"
EndProject
Global
	GlobalSection(SolutionConfigurationPlatforms) = preSolution
		Debug|Any CPU = Debug|Any CPU
		Release|Any CPU = Release|Any CPU
	EndGlobalSection
	GlobalSection(ProjectConfigurationPlatforms) = postSolution
		{5950D73B-E7E7-433F-8EE8-9ECDA46555F6}.Debug|Any CPU.ActiveCfg = Debug|Any CPU
		{5950D73B-E7E7-433F-8EE8-9ECDA46555F6}.Debug|Any CPU.Build.0 = Debug|Any CPU
		{5950D73B-E7E7-433F-8EE8-9ECDA46555F6}.Release|Any CPU.ActiveCfg = Release|Any CPU
		{5950D73B-E7E7-433F-8EE8-9ECDA46555F6}.Release|Any CPU.Build.0 = Release|Any CPU
		{7A363C06-C2F4-4938-970C-26022A55759C}.Debug|Any CPU.ActiveCfg = Debug|Any CPU
		{7A363C06-C2F4-4938-970C-26022A55759C}.Debug|Any CPU.Build.0 = Debug|Any CPU
		{7A363C06-C2F4-4938-970C-26022A55759C}.Release|Any CPU.ActiveCfg = Release|Any CPU
		{7A363C06-C2F4-4938-970C-26022A55759C}.Release|Any CPU.Build.0 = Release|Any CPU
	EndGlobalSection
	GlobalSection(SolutionProperties) = preSolution
		HideSolutionNode = FALSE
	EndGlobalSection
	GlobalSection(ExtensibilityGlobals) = postSolution
		SolutionGuid = {373FA780-10B7-4CA4-A1BE-E0C2EF9F99F0}
	EndGlobalSection
EndGlobal
